{
  "name": "boke-test",
  "lockfileVersion": 3,
  "requires": true,
  "packages": {
    "": {
      "dependencies": {
        "@volcengine/mediakit-cli": "0.2.1"
      }
    },
    "node_modules/@volcengine/mediakit-cli": {
      "version": "0.2.1",
      "resolved": "https://registry.npmjs.org/@volcengine/mediakit-cli/-/mediakit-cli-0.2.1.tgz",
      "integrity": "sha512-pq0MJirHtfQfmDfxfJChTlaYLlqb24s6Qkry10XWHSgdmiDOq54KnTZBqZRnQIa1WqxAmXnNLfoQzb6B7mjxdQ==",
      "hasInstallScript": true,
      "license": "MIT",
      "bin": {
        "mediakit-cli": "scripts/run.js"
      },
      "engines": {
        "node": ">=18.0.0"
      }
    }
  }
}
